
Microsoft Visual Studio Solution File, Format Version 12.00
# Visual Studio Version 17
VisualStudioVersion = 17.10.35122.118
MinimumVisualStudioVersion = 10.0.40219.1
Project("{FAE04EC0-301F-11D3-BF4B-00C04F79EFBC}") = "DiceWar", "DiceWar.csproj", "{C9073B7F-5F8E-468D-8930-2C1E9CD239AF}"
EndProject
Global
	GlobalSection(SolutionConfigurationPlatforms) = preSolution
		Debug|Any CPU = Debug|Any CPU
		Release|Any CPU = Release|Any CPU
	EndGlobalSection
	GlobalSection(ProjectConfigurationPlatforms) = postSolution
		{C9073B7F-5F8E-468D-8930-2C1E9CD239AF}.Debug|Any CPU.ActiveCfg = Debug|Any CPU
		{C9073B7F-5F8E-468D-8930-2C1E9CD239AF}.Debug|Any CPU.Build.0 = Debug|Any CPU
		{C9073B7F-5F8E-468D-8930-2C1E9CD239AF}.Release|Any CPU.ActiveCfg = Release|Any CPU
		{C9073B7F-5F8E-468D-8930-2C1E9CD239AF}.Release|Any CPU.Build.0 = Release|Any CPU
	EndGlobalSection
	GlobalSection(SolutionProperties) = preSolution
		HideSolutionNode = FALSE
	EndGlobalSection
	GlobalSection(ExtensibilityGlobals) = postSolution
		SolutionGuid = {15121A9F-A205-43B0-ABD1-1204C2A47436}
	EndGlobalSection
EndGlobal
